
Microsoft Visual Studio Solution File, Format Version 12.00
# Visual Studio Version 17
VisualStudioVersion = 17.6.33829.357
MinimumVisualStudioVersion = 10.0.40219.1
Project("{FAE04EC0-301F-11D3-BF4B-00C04F79EFBC}") = "Week5Labs", "Week5Labs\Week5Labs.csproj", "{C1BFA14D-542C-4A20-A7EA-63FCBD36F482}"
EndProject
Project("{FAE04EC0-301F-11D3-BF4B-00C04F79EFBC}") = "Week5Labs.Tests", "Week5Labs.Tests\Week5Labs.Tests.csproj", "{4E16C250-129B-42D3-9F1B-C7E5A359B85F}"
EndProject
Global
	GlobalSection(SolutionConfigurationPlatforms) = preSolution
		Debug|Any CPU = Debug|Any CPU
		Release|Any CPU = Release|Any CPU
	EndGlobalSection
	GlobalSection(ProjectConfigurationPlatforms) = postSolution
		{C1BFA14D-542C-4A20-A7EA-63FCBD36F482}.Debug|Any CPU.ActiveCfg = Debug|Any CPU
		{C1BFA14D-542C-4A20-A7EA-63FCBD36F482}.Debug|Any CPU.Build.0 = Debug|Any CPU
		{C1BFA14D-542C-4A20-A7EA-63FCBD36F482}.Release|Any CPU.ActiveCfg = Release|Any CPU
		{C1BFA14D-542C-4A20-A7EA-63FCBD36F482}.Release|Any CPU.Build.0 = Release|Any CPU
		{4E16C250-129B-42D3-9F1B-C7E5A359B85F}.Debug|Any CPU.ActiveCfg = Debug|Any CPU
		{4E16C250-129B-42D3-9F1B-C7E5A359B85F}.Debug|Any CPU.Build.0 = Debug|Any CPU
		{4E16C250-129B-42D3-9F1B-C7E5A359B85F}.Release|Any CPU.ActiveCfg = Release|Any CPU
		{4E16C250-129B-42D3-9F1B-C7E5A359B85F}.Release|Any CPU.Build.0 = Release|Any CPU
	EndGlobalSection
	GlobalSection(SolutionProperties) = preSolution
		HideSolutionNode = FALSE
	EndGlobalSection
	GlobalSection(ExtensibilityGlobals) = postSolution
		SolutionGuid = {5A41060F-5258-4590-AD04-AB543ADCC514}
	EndGlobalSection
EndGlobal
